<?xml version="1.0" encoding="utf-8"?>
<Project ToolsVersion="4.0" xmlns="http://schemas.microsoft.com/developer/msbuild/2003">
  <ItemGroup>
    <Filter Include="ソース ファイル">
      <UniqueIdentifier>{4FC737F1-C7A5-4376-A066-2A32D752A2FF}</UniqueIdentifier>
      <Extensions>cpp;c;cc;cxx;def;odl;idl;hpj;bat;asm;asmx</Extensions>
    </Filter>
    <Filter Include="ヘッダー ファイル">
      <UniqueIdentifier>{93995380-89BD-4b04-88EB-625FBE52EBFB}</UniqueIdentifier>
      <Extensions>h;hh;hpp;hxx;hm;inl;inc;ipp;xsd</Extensions>
    </Filter>
    <Filter Include="リソース ファイル">
      <UniqueIdentifier>{67DA6AB6-F800-4c08-8B7A-83BB121AAD01}</UniqueIdentifier>
      <Extensions>rc;ico;cur;bmp;dlg;rc2;rct;bin;rgs;gif;jpg;jpeg;jpe;resx;tiff;tif;png;wav;mfcribbon-ms</Extensions>
    </Filter>
    <Filter Include="XAudio2">
      <UniqueIdentifier>{b1ecac31-6ebe-4196-871f-8353103e5407}</UniqueIdentifier>
    </Filter>
    <Filter Include="Loader">
      <UniqueIdentifier>{130c1a2c-9c15-4167-aba1-acb38b48b578}</UniqueIdentifier>
    </Filter>
    <Filter Include="etc">
      <UniqueIdentifier>{b015b757-da4d-4769-b630-3eff06a0330e}</UniqueIdentifier>
    </Filter>
    <Filter Include="Okdio">
      <UniqueIdentifier>{80dd49b0-b207-4f66-a621-9d15c5f6a528}</UniqueIdentifier>
    </Filter>
    <Filter Include="Effector">
      <UniqueIdentifier>{2f124b54-a65f-4736-b7f5-11d08ccacdd1}</UniqueIdentifier>
    </Filter>
    <Filter Include="Effect">
      <UniqueIdentifier>{00dcbe57-cd6a-45db-a747-6d55e13a1cd3}</UniqueIdentifier>
    </Filter>
    <Filter Include="Effect\Volume">
      <UniqueIdentifier>{fe21f4b9-d330-4a32-9df5-1196178d3b44}</UniqueIdentifier>
    </Filter>
  </ItemGroup>
  <ItemGroup>
    <ClCompile Include="Main.cpp">
      <Filter>ソース ファイル</Filter>
    </ClCompile>
    <ClCompile Include="Okdio\XAudio2\XAudio2.cpp">
      <Filter>XAudio2</Filter>
    </ClCompile>
    <ClCompile Include="Okdio\Loader\Loader.cpp">
      <Filter>Loader</Filter>
    </ClCompile>
    <ClCompile Include="Okdio\OKdio.cpp">
      <Filter>Okdio</Filter>
    </ClCompile>
    <ClCompile Include="Okdio\Effector\Effector.cpp">
      <Filter>Effector</Filter>
    </ClCompile>
    <ClCompile Include="Okdio\Effect\Volume.cpp">
      <Filter>Effect\Volume</Filter>
    </ClCompile>
  </ItemGroup>
  <ItemGroup>
    <ClInclude Include="Okdio\XAudio2\XAudio2.h">
      <Filter>XAudio2</Filter>
    </ClInclude>
    <ClInclude Include="Okdio\Loader\Loader.h">
      <Filter>Loader</Filter>
    </ClInclude>
    <ClInclude Include="Okdio\etc\Info.h">
      <Filter>etc</Filter>
    </ClInclude>
    <ClInclude Include="Okdio\etc\WaveFmt.h">
      <Filter>etc</Filter>
    </ClInclude>
    <ClInclude Include="Okdio\OKdio.h">
      <Filter>Okdio</Filter>
    </ClInclude>
    <ClInclude Include="Okdio\Effector\Effector.h">
      <Filter>Effector</Filter>
    </ClInclude>
    <ClInclude Include="Okdio\Effect\Effect.h">
      <Filter>Effect</Filter>
    </ClInclude>
    <ClInclude Include="Okdio\Effect\Volume.h">
      <Filter>Effect\Volume</Filter>
    </ClInclude>
  </ItemGroup>
</Project>