<?xml version="1.0" encoding="utf-8"?>
<Project ToolsVersion="4.0" xmlns="http://schemas.microsoft.com/developer/msbuild/2003">
  <ItemGroup>
    <Filter Include="ソース ファイル">
      <UniqueIdentifier>{4FC737F1-C7A5-4376-A066-2A32D752A2FF}</UniqueIdentifier>
      <Extensions>cpp;c;cc;cxx;def;odl;idl;hpj;bat;asm;asmx</Extensions>
    </Filter>
    <Filter Include="ヘッダー ファイル">
      <UniqueIdentifier>{93995380-89BD-4b04-88EB-625FBE52EBFB}</UniqueIdentifier>
      <Extensions>h;hh;hpp;hxx;hm;inl;inc;ipp;xsd</Extensions>
    </Filter>
    <Filter Include="リソース ファイル">
      <UniqueIdentifier>{67DA6AB6-F800-4c08-8B7A-83BB121AAD01}</UniqueIdentifier>
      <Extensions>rc;ico;cur;bmp;dlg;rc2;rct;bin;rgs;gif;jpg;jpeg;jpe;resx;tiff;tif;png;wav;mfcribbon-ms</Extensions>
    </Filter>
    <Filter Include="Loader">
      <UniqueIdentifier>{130c1a2c-9c15-4167-aba1-acb38b48b578}</UniqueIdentifier>
    </Filter>
    <Filter Include="etc">
      <UniqueIdentifier>{b015b757-da4d-4769-b630-3eff06a0330e}</UniqueIdentifier>
    </Filter>
    <Filter Include="Okdio">
      <UniqueIdentifier>{80dd49b0-b207-4f66-a621-9d15c5f6a528}</UniqueIdentifier>
    </Filter>
    <Filter Include="Effector">
      <UniqueIdentifier>{2f124b54-a65f-4736-b7f5-11d08ccacdd1}</UniqueIdentifier>
    </Filter>
    <Filter Include="Effect">
      <UniqueIdentifier>{00dcbe57-cd6a-45db-a747-6d55e13a1cd3}</UniqueIdentifier>
    </Filter>
    <Filter Include="Effect\Volume">
      <UniqueIdentifier>{fe21f4b9-d330-4a32-9df5-1196178d3b44}</UniqueIdentifier>
    </Filter>
    <Filter Include="Engine">
      <UniqueIdentifier>{b1ecac31-6ebe-4196-871f-8353103e5407}</UniqueIdentifier>
    </Filter>
    <Filter Include="Engine\Callback">
      <UniqueIdentifier>{cbbf5f54-a427-4f05-9217-189c3a0b9e71}</UniqueIdentifier>
    </Filter>
    <Filter Include="Engine\XAudio2">
      <UniqueIdentifier>{7691437c-ecc9-4909-9e31-227885af2f41}</UniqueIdentifier>
    </Filter>
    <Filter Include="Effect\Distortion">
      <UniqueIdentifier>{eb949c1d-a12f-4ae3-a40e-366a05d07000}</UniqueIdentifier>
    </Filter>
    <Filter Include="Effect\Filter">
      <UniqueIdentifier>{9ad47617-86b8-4c6e-b028-1487230c6286}</UniqueIdentifier>
    </Filter>
    <Filter Include="etc\Func">
      <UniqueIdentifier>{b693175c-a256-4c2f-b197-27c1e582c7ed}</UniqueIdentifier>
    </Filter>
    <Filter Include="Effect\Pan">
      <UniqueIdentifier>{f728cdaa-8b42-462d-9429-4077a18612bd}</UniqueIdentifier>
    </Filter>
    <Filter Include="FPS">
      <UniqueIdentifier>{7f3699da-02a7-4ce5-ac58-df9b9d7a27dc}</UniqueIdentifier>
    </Filter>
    <Filter Include="Effect\TimeStretch">
      <UniqueIdentifier>{366792d3-483a-45de-809f-bcd4b984542e}</UniqueIdentifier>
    </Filter>
  </ItemGroup>
  <ItemGroup>
    <ClCompile Include="Okdio\Loader\Loader.cpp">
      <Filter>Loader</Filter>
    </ClCompile>
    <ClCompile Include="Okdio\XAudio2\VoiceCallback.cpp">
      <Filter>Engine\Callback</Filter>
    </ClCompile>
    <ClCompile Include="Okdio\XAudio2\XAudio2.cpp">
      <Filter>Engine\XAudio2</Filter>
    </ClCompile>
    <ClCompile Include="Okdio\Effector.cpp">
      <Filter>Effector</Filter>
    </ClCompile>
    <ClCompile Include="Okdio\Effect\Distortion\Distortion.cpp">
      <Filter>Effect\Distortion</Filter>
    </ClCompile>
    <ClCompile Include="Okdio\Effect\Volume\Volume.cpp">
      <Filter>Effect\Volume</Filter>
    </ClCompile>
    <ClCompile Include="Okdio\etc\Func.cpp">
      <Filter>etc\Func</Filter>
    </ClCompile>
    <ClCompile Include="Okdio\Effect\Filter\Filter.cpp">
      <Filter>Effect\Filter</Filter>
    </ClCompile>
    <ClCompile Include="Okdio\Effect\Pan\Pan.cpp">
      <Filter>Effect\Pan</Filter>
    </ClCompile>
    <ClCompile Include="FPS.cpp">
      <Filter>FPS</Filter>
    </ClCompile>
    <ClCompile Include="Main.cpp">
      <Filter>ソース ファイル</Filter>
    </ClCompile>
    <ClCompile Include="Okdio\Okdio.cpp">
      <Filter>Okdio</Filter>
    </ClCompile>
    <ClCompile Include="Okdio\Effect\TimeStretch\TimeStretch.cpp">
      <Filter>Effect\TimeStretch</Filter>
    </ClCompile>
  </ItemGroup>
  <ItemGroup>
    <ClInclude Include="Okdio\Loader\Loader.h">
      <Filter>Loader</Filter>
    </ClInclude>
    <ClInclude Include="Okdio\etc\Info.h">
      <Filter>etc</Filter>
    </ClInclude>
    <ClInclude Include="Okdio\etc\WaveFmt.h">
      <Filter>etc</Filter>
    </ClInclude>
    <ClInclude Include="Okdio\Effect\Effect.h">
      <Filter>Effect</Filter>
    </ClInclude>
    <ClInclude Include="Okdio\XAudio2\VoiceCallback.h">
      <Filter>Engine\Callback</Filter>
    </ClInclude>
    <ClInclude Include="Okdio\XAudio2\XAudio2.h">
      <Filter>Engine\XAudio2</Filter>
    </ClInclude>
    <ClInclude Include="Okdio\Effector.h">
      <Filter>Effector</Filter>
    </ClInclude>
    <ClInclude Include="Okdio\Effects.h">
      <Filter>ヘッダー ファイル</Filter>
    </ClInclude>
    <ClInclude Include="Okdio\Effect\Distortion\Distortion.h">
      <Filter>Effect\Distortion</Filter>
    </ClInclude>
    <ClInclude Include="Okdio\Effect\Volume\Volume.h">
      <Filter>Effect\Volume</Filter>
    </ClInclude>
    <ClInclude Include="Okdio\etc\Func.h">
      <Filter>etc\Func</Filter>
    </ClInclude>
    <ClInclude Include="Okdio\Effect\Filter\Filter.h">
      <Filter>Effect\Filter</Filter>
    </ClInclude>
    <ClInclude Include="Okdio\Effect\Pan\Pan.h">
      <Filter>Effect\Pan</Filter>
    </ClInclude>
    <ClInclude Include="FPS.h">
      <Filter>FPS</Filter>
    </ClInclude>
    <ClInclude Include="Okdio\Okdio.h">
      <Filter>Okdio</Filter>
    </ClInclude>
    <ClInclude Include="Okdio\etc\OggFmt.h">
      <Filter>etc</Filter>
    </ClInclude>
    <ClInclude Include="Okdio\Effect\TimeStretch\TimeStretch.h">
      <Filter>Effect\TimeStretch</Filter>
    </ClInclude>
  </ItemGroup>
</Project>